{
  "version": 4,
  "terraform_version": "1.14.9",
  "serial": 15,
  "lineage": "3a88dae7-7b7b-75ce-59ec-d3ab2f4e4310",
  "outputs": {
    "alerts_sns_topic_arn": {
      "value": "arn:aws:sns:us-west-2:022911965477:chess-engine-api-alerts",
      "type": "string"
    },
    "app_runner_service_arn": {
      "value": "arn:aws:apprunner:us-west-2:022911965477:service/chess-engine-api/ec121919ed76430ebd1b28942218ba9a",
      "type": "string"
    },
    "app_runner_service_id": {
      "value": "ec121919ed76430ebd1b28942218ba9a",
      "type": "string"
    },
    "app_runner_service_url": {
      "value": "rvqeqnd62y.us-west-2.awsapprunner.com",
      "type": "string"
    },
    "slack_notifier_lambda_arn": {
      "value": "arn:aws:lambda:us-west-2:022911965477:function:chess-engine-api-slack-notifier",
      "type": "string"
    }
  },
  "resources": [
    {
      "mode": "data",
      "type": "archive_file",
      "name": "slack_notifier",
      "provider": "provider[\"registry.terraform.io/hashicorp/archive\"]",
      "instances": [
        {
          "index_key": 0,
          "schema_version": 0,
          "attributes": {
            "exclude_symlink_directories": null,
            "excludes": null,
            "id": "55edc45a1007d0a860a964ebcc2a83af3bdc1837",
            "output_base64sha256": "EHYxQ9jqiRAP81HwZUZNw1mCwmY3BoMRoqbY1pbVdWU=",
            "output_base64sha512": "Ie6opqs0eFGbS0bbm+wjKCJq32gzKP7QcqKtniMQyVyrWQ125zgkno6yEFEgXTBltcZLqRdC9eUlNx17Daf8mA==",
            "output_file_mode": null,
            "output_md5": "4ac0c820be861493677d58fb12cd6c31",
            "output_path": "./.terraform/slack_notifier.zip",
            "output_sha": "55edc45a1007d0a860a964ebcc2a83af3bdc1837",
            "output_sha256": "10763143d8ea89100ff351f065464dc35982c26637068311a2a6d8d696d57565",
            "output_sha512": "21eea8a6ab3478519b4b46db9bec2328226adf683328fed072a2ad9e2310c95cab590d76e738249e8eb21051205d3065b5c64ba91742f5e525371d7b0da7fc98",
            "output_size": 999,
            "source": [],
            "source_content": null,
            "source_content_filename": null,
            "source_dir": null,
            "source_file": "./lambda/slack_notifier.py",
            "type": "zip"
          },
          "sensitive_attributes": [],
          "identity_schema_version": 0
        }
      ]
    },
    {
      "mode": "data",
      "type": "aws_caller_identity",
      "name": "current",
      "provider": "provider[\"registry.terraform.io/hashicorp/aws\"]",
      "instances": [
        {
          "schema_version": 0,
          "attributes": {
            "account_id": "022911965477",
            "arn": "arn:aws:sts::022911965477:assumed-role/AWSReservedSSO_AdministratorAccess_53f2e16376709c30/piotr.domagala@treelineinteractive.com",
            "id": "022911965477",
            "user_id": "AROAQKVNI3ESRGIYGRV5B:piotr.domagala@treelineinteractive.com"
          },
          "sensitive_attributes": [],
          "identity_schema_version": 0
        }
      ]
    },
    {
      "mode": "data",
      "type": "aws_iam_policy_document",
      "name": "alerts_topic",
      "provider": "provider[\"registry.terraform.io/hashicorp/aws\"]",
      "instances": [
        {
          "schema_version": 0,
          "attributes": {
            "id": "2804336918",
            "json": "{\n  \"Version\": \"2012-10-17\",\n  \"Statement\": [\n    {\n      \"Sid\": \"AllowCloudWatchAlarms\",\n      \"Effect\": \"Allow\",\n      \"Action\": \"sns:Publish\",\n      \"Resource\": \"arn:aws:sns:us-west-2:022911965477:chess-engine-api-alerts\",\n      \"Principal\": {\n        \"Service\": \"cloudwatch.amazonaws.com\"\n      },\n      \"Condition\": {\n        \"StringEquals\": {\n          \"AWS:SourceAccount\": \"022911965477\"\n        }\n      }\n    }\n  ]\n}",
            "minified_json": "{\"Version\":\"2012-10-17\",\"Statement\":[{\"Sid\":\"AllowCloudWatchAlarms\",\"Effect\":\"Allow\",\"Action\":\"sns:Publish\",\"Resource\":\"arn:aws:sns:us-west-2:022911965477:chess-engine-api-alerts\",\"Principal\":{\"Service\":\"cloudwatch.amazonaws.com\"},\"Condition\":{\"StringEquals\":{\"AWS:SourceAccount\":\"022911965477\"}}}]}",
            "override_json": null,
            "override_policy_documents": null,
            "policy_id": null,
            "source_json": null,
            "source_policy_documents": null,
            "statement": [
              {
                "actions": [
                  "sns:Publish"
                ],
                "condition": [
                  {
                    "test": "StringEquals",
                    "values": [
                      "022911965477"
                    ],
                    "variable": "AWS:SourceAccount"
                  }
                ],
                "effect": "Allow",
                "not_actions": [],
                "not_principals": [],
                "not_resources": [],
                "principals": [
                  {
                    "identifiers": [
                      "cloudwatch.amazonaws.com"
                    ],
                    "type": "Service"
                  }
                ],
                "resources": [
                  "arn:aws:sns:us-west-2:022911965477:chess-engine-api-alerts"
                ],
                "sid": "AllowCloudWatchAlarms"
              }
            ],
            "version": "2012-10-17"
          },
          "sensitive_attributes": [],
          "identity_schema_version": 0
        }
      ]
    },
    {
      "mode": "data",
      "type": "aws_iam_policy_document",
      "name": "lambda_assume_role",
      "provider": "provider[\"registry.terraform.io/hashicorp/aws\"]",
      "instances": [
        {
          "schema_version": 0,
          "attributes": {
            "id": "2690255455",
            "json": "{\n  \"Version\": \"2012-10-17\",\n  \"Statement\": [\n    {\n      \"Effect\": \"Allow\",\n      \"Action\": \"sts:AssumeRole\",\n      \"Principal\": {\n        \"Service\": \"lambda.amazonaws.com\"\n      }\n    }\n  ]\n}",
            "minified_json": "{\"Version\":\"2012-10-17\",\"Statement\":[{\"Effect\":\"Allow\",\"Action\":\"sts:AssumeRole\",\"Principal\":{\"Service\":\"lambda.amazonaws.com\"}}]}",
            "override_json": null,
            "override_policy_documents": null,
            "policy_id": null,
            "source_json": null,
            "source_policy_documents": null,
            "statement": [
              {
                "actions": [
                  "sts:AssumeRole"
                ],
                "condition": [],
                "effect": "Allow",
                "not_actions": [],
                "not_principals": [],
                "not_resources": [],
                "principals": [
                  {
                    "identifiers": [
                      "lambda.amazonaws.com"
                    ],
                    "type": "Service"
                  }
                ],
                "resources": [],
                "sid": ""
              }
            ],
            "version": "2012-10-17"
          },
          "sensitive_attributes": [],
          "identity_schema_version": 0
        }
      ]
    },
    {
      "mode": "managed",
      "type": "aws_apprunner_service",
      "name": "this",
      "provider": "provider[\"registry.terraform.io/hashicorp/aws\"]",
      "instances": [
        {
          "schema_version": 0,
          "attributes": {
            "arn": "arn:aws:apprunner:us-west-2:022911965477:service/chess-engine-api/ec121919ed76430ebd1b28942218ba9a",
            "auto_scaling_configuration_arn": "arn:aws:apprunner:us-west-2:022911965477:autoscalingconfiguration/DefaultConfiguration/1/00000000000000000000000000000001",
            "encryption_configuration": [],
            "health_check_configuration": [
              {
                "healthy_threshold": 1,
                "interval": 10,
                "path": "/api/v1/health",
                "protocol": "HTTP",
                "timeout": 5,
                "unhealthy_threshold": 5
              }
            ],
            "id": "arn:aws:apprunner:us-west-2:022911965477:service/chess-engine-api/ec121919ed76430ebd1b28942218ba9a",
            "instance_configuration": [
              {
                "cpu": "1024",
                "instance_role_arn": "",
                "memory": "2048"
              }
            ],
            "network_configuration": [
              {
                "egress_configuration": [
                  {
                    "egress_type": "DEFAULT",
                    "vpc_connector_arn": ""
                  }
                ],
                "ingress_configuration": [
                  {
                    "is_publicly_accessible": true
                  }
                ],
                "ip_address_type": "IPV4"
              }
            ],
            "observability_configuration": [
              {
                "observability_configuration_arn": "",
                "observability_enabled": false
              }
            ],
            "region": "us-west-2",
            "service_id": "ec121919ed76430ebd1b28942218ba9a",
            "service_name": "chess-engine-api",
            "service_url": "rvqeqnd62y.us-west-2.awsapprunner.com",
            "source_configuration": [
              {
                "authentication_configuration": [
                  {
                    "access_role_arn": "arn:aws:iam::022911965477:role/service-role/AppRunnerECRAccessRole",
                    "connection_arn": ""
                  }
                ],
                "auto_deployments_enabled": false,
                "code_repository": [],
                "image_repository": [
                  {
                    "image_configuration": [
                      {
                        "port": "8000",
                        "runtime_environment_secrets": {},
                        "runtime_environment_variables": {
                          "API_RATE_LIMIT_PER_MINUTE": "100",
                          "API_VERSION": "1.2.0",
                          "AUTH_ENABLED": "false",
                          "CORS_ORIGINS": "*",
                          "DEBUG": "false",
                          "DEFAULT_DEPTH": "15",
                          "HOST": "0.0.0.0",
                          "JWKS_URL": "https://ejlvibtuzkrdzpyfnfkp.supabase.co/auth/v1/.well-known/jwks.json",
                          "JWT_AUDIENCE": "authenticated",
                          "LOG_FORMAT": "json",
                          "LOG_LEVEL": "INFO",
                          "MAX_ANALYSIS_TIME_MS": "10000",
                          "MAX_CONCURRENT_ANALYSES": "10",
                          "MAX_DEPTH": "25",
                          "MAX_MULTI_PV": "5",
                          "PORT": "8000",
                          "STOCKFISH_HASH_SIZE_MB": "256",
                          "STOCKFISH_PATH": "/usr/local/bin/stockfish",
                          "STOCKFISH_SKILL_LEVEL": "20",
                          "STOCKFISH_THREADS": "2"
                        },
                        "start_command": ""
                      }
                    ],
                    "image_identifier": "022911965477.dkr.ecr.us-west-2.amazonaws.com/chess-engine-api:3c65a0f7fc4c982528d3ae67872acdbd44d086b6",
                    "image_repository_type": "ECR"
                  }
                ]
              }
            ],
            "status": "RUNNING",
            "tags": {
              "Environment": "production",
              "ManagedBy": "Terraform",
              "Service": "chess-engine-api"
            },
            "tags_all": {
              "Environment": "production",
              "ManagedBy": "Terraform",
              "Service": "chess-engine-api"
            }
          },
          "sensitive_attributes": [],
          "identity_schema_version": 0,
          "identity": {
            "arn": "arn:aws:apprunner:us-west-2:022911965477:service/chess-engine-api/ec121919ed76430ebd1b28942218ba9a"
          },
          "private": "bnVsbA==",
          "dependencies": [
            "aws_apprunner_auto_scaling_configuration_version.this"
          ]
        }
      ]
    },
    {
      "mode": "managed",
      "type": "aws_cloudwatch_metric_alarm",
      "name": "cpu_high",
      "provider": "provider[\"registry.terraform.io/hashicorp/aws\"]",
      "instances": [
        {
          "schema_version": 1,
          "attributes": {
            "actions_enabled": true,
            "alarm_actions": [
              "arn:aws:sns:us-west-2:022911965477:chess-engine-api-alerts"
            ],
            "alarm_description": "App Runner chess-engine-api CPU utilization is high.",
            "alarm_name": "chess-engine-api-cpu-high",
            "arn": "arn:aws:cloudwatch:us-west-2:022911965477:alarm:chess-engine-api-cpu-high",
            "comparison_operator": "GreaterThanOrEqualToThreshold",
            "datapoints_to_alarm": 3,
            "dimensions": {
              "ServiceID": "ec121919ed76430ebd1b28942218ba9a",
              "ServiceName": "chess-engine-api"
            },
            "evaluate_low_sample_count_percentiles": "",
            "evaluation_criteria": [],
            "evaluation_interval": 0,
            "evaluation_periods": 5,
            "extended_statistic": "",
            "id": "chess-engine-api-cpu-high",
            "insufficient_data_actions": null,
            "metric_name": "CPUUtilization",
            "metric_query": [],
            "namespace": "AWS/AppRunner",
            "ok_actions": [
              "arn:aws:sns:us-west-2:022911965477:chess-engine-api-alerts"
            ],
            "period": 60,
            "region": "us-west-2",
            "statistic": "Average",
            "tags": {
              "Environment": "production",
              "ManagedBy": "Terraform",
              "Service": "chess-engine-api"
            },
            "tags_all": {
              "Environment": "production",
              "ManagedBy": "Terraform",
              "Service": "chess-engine-api"
            },
            "threshold": 80,
            "threshold_metric_id": "",
            "treat_missing_data": "notBreaching",
            "unit": ""
          },
          "sensitive_attributes": [],
          "identity_schema_version": 0,
          "identity": {
            "account_id": "022911965477",
            "alarm_name": "chess-engine-api-cpu-high",
            "region": "us-west-2"
          },
          "private": "eyJzY2hlbWFfdmVyc2lvbiI6IjEifQ==",
          "dependencies": [
            "aws_apprunner_auto_scaling_configuration_version.this",
            "aws_apprunner_service.this",
            "aws_sns_topic.alerts"
          ]
        }
      ]
    },
    {
      "mode": "managed",
      "type": "aws_cloudwatch_metric_alarm",
      "name": "http_5xx",
      "provider": "provider[\"registry.terraform.io/hashicorp/aws\"]",
      "instances": [
        {
          "schema_version": 1,
          "attributes": {
            "actions_enabled": true,
            "alarm_actions": [
              "arn:aws:sns:us-west-2:022911965477:chess-engine-api-alerts"
            ],
            "alarm_description": "App Runner chess-engine-api is returning 5xx responses.",
            "alarm_name": "chess-engine-api-5xx",
            "arn": "arn:aws:cloudwatch:us-west-2:022911965477:alarm:chess-engine-api-5xx",
            "comparison_operator": "GreaterThanOrEqualToThreshold",
            "datapoints_to_alarm": 0,
            "dimensions": {
              "ServiceID": "ec121919ed76430ebd1b28942218ba9a",
              "ServiceName": "chess-engine-api"
            },
            "evaluate_low_sample_count_percentiles": "",
            "evaluation_criteria": [],
            "evaluation_interval": 0,
            "evaluation_periods": 1,
            "extended_statistic": "",
            "id": "chess-engine-api-5xx",
            "insufficient_data_actions": null,
            "metric_name": "5xxStatusResponses",
            "metric_query": [],
            "namespace": "AWS/AppRunner",
            "ok_actions": [
              "arn:aws:sns:us-west-2:022911965477:chess-engine-api-alerts"
            ],
            "period": 300,
            "region": "us-west-2",
            "statistic": "Sum",
            "tags": {
              "Environment": "production",
              "ManagedBy": "Terraform",
              "Service": "chess-engine-api"
            },
            "tags_all": {
              "Environment": "production",
              "ManagedBy": "Terraform",
              "Service": "chess-engine-api"
            },
            "threshold": 1,
            "threshold_metric_id": "",
            "treat_missing_data": "notBreaching",
            "unit": ""
          },
          "sensitive_attributes": [],
          "identity_schema_version": 0,
          "identity": {
            "account_id": "022911965477",
            "alarm_name": "chess-engine-api-5xx",
            "region": "us-west-2"
          },
          "private": "eyJzY2hlbWFfdmVyc2lvbiI6IjEifQ==",
          "dependencies": [
            "aws_apprunner_auto_scaling_configuration_version.this",
            "aws_apprunner_service.this",
            "aws_sns_topic.alerts"
          ]
        }
      ]
    },
    {
      "mode": "managed",
      "type": "aws_cloudwatch_metric_alarm",
      "name": "memory_high",
      "provider": "provider[\"registry.terraform.io/hashicorp/aws\"]",
      "instances": [
        {
          "schema_version": 1,
          "attributes": {
            "actions_enabled": true,
            "alarm_actions": [
              "arn:aws:sns:us-west-2:022911965477:chess-engine-api-alerts"
            ],
            "alarm_description": "App Runner chess-engine-api memory utilization is high.",
            "alarm_name": "chess-engine-api-memory-high",
            "arn": "arn:aws:cloudwatch:us-west-2:022911965477:alarm:chess-engine-api-memory-high",
            "comparison_operator": "GreaterThanOrEqualToThreshold",
            "datapoints_to_alarm": 3,
            "dimensions": {
              "ServiceID": "ec121919ed76430ebd1b28942218ba9a",
              "ServiceName": "chess-engine-api"
            },
            "evaluate_low_sample_count_percentiles": "",
            "evaluation_criteria": [],
            "evaluation_interval": 0,
            "evaluation_periods": 5,
            "extended_statistic": "",
            "id": "chess-engine-api-memory-high",
            "insufficient_data_actions": null,
            "metric_name": "MemoryUtilization",
            "metric_query": [],
            "namespace": "AWS/AppRunner",
            "ok_actions": [
              "arn:aws:sns:us-west-2:022911965477:chess-engine-api-alerts"
            ],
            "period": 60,
            "region": "us-west-2",
            "statistic": "Average",
            "tags": {
              "Environment": "production",
              "ManagedBy": "Terraform",
              "Service": "chess-engine-api"
            },
            "tags_all": {
              "Environment": "production",
              "ManagedBy": "Terraform",
              "Service": "chess-engine-api"
            },
            "threshold": 80,
            "threshold_metric_id": "",
            "treat_missing_data": "notBreaching",
            "unit": ""
          },
          "sensitive_attributes": [],
          "identity_schema_version": 0,
          "identity": {
            "account_id": "022911965477",
            "alarm_name": "chess-engine-api-memory-high",
            "region": "us-west-2"
          },
          "private": "eyJzY2hlbWFfdmVyc2lvbiI6IjEifQ==",
          "dependencies": [
            "aws_apprunner_auto_scaling_configuration_version.this",
            "aws_apprunner_service.this",
            "aws_sns_topic.alerts"
          ]
        }
      ]
    },
    {
      "mode": "managed",
      "type": "aws_iam_role",
      "name": "chatbot",
      "provider": "provider[\"registry.terraform.io/hashicorp/aws\"]",
      "instances": [
        {
          "index_key": 0,
          "schema_version": 0,
          "attributes": {
            "arn": "arn:aws:iam::022911965477:role/chess-engine-api-slack-notifier-role",
            "assume_role_policy": "{\"Statement\":[{\"Action\":\"sts:AssumeRole\",\"Effect\":\"Allow\",\"Principal\":{\"Service\":\"lambda.amazonaws.com\"}}],\"Version\":\"2012-10-17\"}",
            "create_date": "2026-05-06T16:39:08Z",
            "description": "",
            "force_detach_policies": false,
            "id": "chess-engine-api-slack-notifier-role",
            "inline_policy": [],
            "managed_policy_arns": [
              "arn:aws:iam::aws:policy/service-role/AWSLambdaBasicExecutionRole"
            ],
            "max_session_duration": 3600,
            "name": "chess-engine-api-slack-notifier-role",
            "name_prefix": "",
            "path": "/",
            "permissions_boundary": "",
            "tags": {
              "Environment": "production",
              "ManagedBy": "Terraform",
              "Service": "chess-engine-api"
            },
            "tags_all": {
              "Environment": "production",
              "ManagedBy": "Terraform",
              "Service": "chess-engine-api"
            },
            "unique_id": "AROAQKVNI3ES7L7RJ33GY"
          },
          "sensitive_attributes": [],
          "identity_schema_version": 0,
          "identity": {
            "account_id": "022911965477",
            "name": "chess-engine-api-slack-notifier-role"
          },
          "private": "bnVsbA==",
          "dependencies": [
            "data.aws_iam_policy_document.lambda_assume_role"
          ]
        }
      ]
    },
    {
      "mode": "managed",
      "type": "aws_iam_role_policy_attachment",
      "name": "lambda_basic_execution",
      "provider": "provider[\"registry.terraform.io/hashicorp/aws\"]",
      "instances": [
        {
          "index_key": 0,
          "schema_version": 0,
          "attributes": {
            "id": "chess-engine-api-slack-notifier-role/arn:aws:iam::aws:policy/service-role/AWSLambdaBasicExecutionRole",
            "policy_arn": "arn:aws:iam::aws:policy/service-role/AWSLambdaBasicExecutionRole",
            "role": "chess-engine-api-slack-notifier-role"
          },
          "sensitive_attributes": [],
          "identity_schema_version": 0,
          "identity": {
            "account_id": "022911965477",
            "policy_arn": "arn:aws:iam::aws:policy/service-role/AWSLambdaBasicExecutionRole",
            "role": "chess-engine-api-slack-notifier-role"
          },
          "private": "bnVsbA==",
          "dependencies": [
            "aws_iam_role.chatbot",
            "data.aws_iam_policy_document.lambda_assume_role"
          ]
        }
      ]
    },
    {
      "mode": "managed",
      "type": "aws_lambda_function",
      "name": "slack_notifier",
      "provider": "provider[\"registry.terraform.io/hashicorp/aws\"]",
      "instances": [
        {
          "index_key": 0,
          "schema_version": 0,
          "attributes": {
            "architectures": [
              "x86_64"
            ],
            "arn": "arn:aws:lambda:us-west-2:022911965477:function:chess-engine-api-slack-notifier",
            "capacity_provider_config": [],
            "code_sha256": "EHYxQ9jqiRAP81HwZUZNw1mCwmY3BoMRoqbY1pbVdWU=",
            "code_signing_config_arn": "",
            "dead_letter_config": [],
            "description": "",
            "durable_config": [],
            "environment": [
              {
                "variables": {
                  "SLACK_WEBHOOK_URL": "https://hooks.slack.com/services/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"
                }
              }
            ],
            "ephemeral_storage": [
              {
                "size": 512
              }
            ],
            "file_system_config": [],
            "filename": "./.terraform/slack_notifier.zip",
            "function_name": "chess-engine-api-slack-notifier",
            "handler": "slack_notifier.handler",
            "id": "chess-engine-api-slack-notifier",
            "image_config": [],
            "image_uri": "",
            "invoke_arn": "arn:aws:apigateway:us-west-2:lambda:path/2015-03-31/functions/arn:aws:lambda:us-west-2:022911965477:function:chess-engine-api-slack-notifier/invocations",
            "kms_key_arn": "",
            "last_modified": "2026-05-06T16:39:18.599+0000",
            "layers": [],
            "logging_config": [
              {
                "application_log_level": "",
                "log_format": "Text",
                "log_group": "/aws/lambda/chess-engine-api-slack-notifier",
                "system_log_level": ""
              }
            ],
            "memory_size": 128,
            "package_type": "Zip",
            "publish": false,
            "publish_to": null,
            "qualified_arn": "arn:aws:lambda:us-west-2:022911965477:function:chess-engine-api-slack-notifier:$LATEST",
            "qualified_invoke_arn": "arn:aws:apigateway:us-west-2:lambda:path/2015-03-31/functions/arn:aws:lambda:us-west-2:022911965477:function:chess-engine-api-slack-notifier:$LATEST/invocations",
            "region": "us-west-2",
            "replace_security_groups_on_destroy": null,
            "replacement_security_group_ids": null,
            "reserved_concurrent_executions": -1,
            "response_streaming_invoke_arn": "arn:aws:apigateway:us-west-2:lambda:path/2021-11-15/functions/arn:aws:lambda:us-west-2:022911965477:function:chess-engine-api-slack-notifier/response-streaming-invocations",
            "role": "arn:aws:iam::022911965477:role/chess-engine-api-slack-notifier-role",
            "runtime": "python3.13",
            "s3_bucket": null,
            "s3_key": null,
            "s3_object_version": null,
            "signing_job_arn": "",
            "signing_profile_version_arn": "",
            "skip_destroy": false,
            "snap_start": [],
            "source_code_hash": "EHYxQ9jqiRAP81HwZUZNw1mCwmY3BoMRoqbY1pbVdWU=",
            "source_code_size": 999,
            "source_kms_key_arn": "",
            "tags": {
              "Environment": "production",
              "ManagedBy": "Terraform",
              "Service": "chess-engine-api"
            },
            "tags_all": {
              "Environment": "production",
              "ManagedBy": "Terraform",
              "Service": "chess-engine-api"
            },
            "tenancy_config": [],
            "timeout": 10,
            "timeouts": null,
            "tracing_config": [
              {
                "mode": "PassThrough"
              }
            ],
            "version": "$LATEST",
            "vpc_config": []
          },
          "sensitive_attributes": [
            [
              {
                "type": "get_attr",
                "value": "environment"
              },
              {
                "type": "index",
                "value": {
                  "value": 0,
                  "type": "number"
                }
              },
              {
                "type": "get_attr",
                "value": "variables"
              },
              {
                "type": "index",
                "value": {
                  "value": "SLACK_WEBHOOK_URL",
                  "type": "string"
                }
              }
            ]
          ],
          "identity_schema_version": 0,
          "identity": {
            "account_id": "022911965477",
            "function_name": "chess-engine-api-slack-notifier",
            "region": "us-west-2"
          },
          "private": "eyJlMmJmYjczMC1lY2FhLTExZTYtOGY4OC0zNDM2M2JjN2M0YzAiOnsiY3JlYXRlIjo2MDAwMDAwMDAwMDAsImRlbGV0ZSI6NjAwMDAwMDAwMDAwLCJ1cGRhdGUiOjYwMDAwMDAwMDAwMH19",
          "dependencies": [
            "aws_iam_role.chatbot",
            "data.archive_file.slack_notifier",
            "data.aws_iam_policy_document.lambda_assume_role"
          ]
        }
      ]
    },
    {
      "mode": "managed",
      "type": "aws_lambda_permission",
      "name": "allow_sns",
      "provider": "provider[\"registry.terraform.io/hashicorp/aws\"]",
      "instances": [
        {
          "index_key": 0,
          "schema_version": 0,
          "attributes": {
            "action": "lambda:InvokeFunction",
            "event_source_token": null,
            "function_name": "chess-engine-api-slack-notifier",
            "function_url_auth_type": null,
            "id": "AllowExecutionFromSns",
            "invoked_via_function_url": null,
            "principal": "sns.amazonaws.com",
            "principal_org_id": null,
            "qualifier": "",
            "region": "us-west-2",
            "source_account": null,
            "source_arn": "arn:aws:sns:us-west-2:022911965477:chess-engine-api-alerts",
            "statement_id": "AllowExecutionFromSns",
            "statement_id_prefix": ""
          },
          "sensitive_attributes": [],
          "identity_schema_version": 0,
          "identity": {
            "account_id": "022911965477",
            "function_name": "chess-engine-api-slack-notifier",
            "qualifier": null,
            "region": "us-west-2",
            "statement_id": "AllowExecutionFromSns"
          },
          "private": "bnVsbA==",
          "dependencies": [
            "aws_iam_role.chatbot",
            "aws_lambda_function.slack_notifier",
            "aws_sns_topic.alerts",
            "data.archive_file.slack_notifier",
            "data.aws_iam_policy_document.lambda_assume_role"
          ]
        }
      ]
    },
    {
      "mode": "managed",
      "type": "aws_sns_topic",
      "name": "alerts",
      "provider": "provider[\"registry.terraform.io/hashicorp/aws\"]",
      "instances": [
        {
          "schema_version": 0,
          "attributes": {
            "application_failure_feedback_role_arn": "",
            "application_success_feedback_role_arn": "",
            "application_success_feedback_sample_rate": 0,
            "archive_policy": "",
            "arn": "arn:aws:sns:us-west-2:022911965477:chess-engine-api-alerts",
            "beginning_archive_time": "",
            "content_based_deduplication": false,
            "delivery_policy": "",
            "display_name": "",
            "fifo_throughput_scope": "",
            "fifo_topic": false,
            "firehose_failure_feedback_role_arn": "",
            "firehose_success_feedback_role_arn": "",
            "firehose_success_feedback_sample_rate": 0,
            "http_failure_feedback_role_arn": "",
            "http_success_feedback_role_arn": "",
            "http_success_feedback_sample_rate": 0,
            "id": "arn:aws:sns:us-west-2:022911965477:chess-engine-api-alerts",
            "kms_master_key_id": "",
            "lambda_failure_feedback_role_arn": "",
            "lambda_success_feedback_role_arn": "",
            "lambda_success_feedback_sample_rate": 0,
            "name": "chess-engine-api-alerts",
            "name_prefix": "",
            "owner": "022911965477",
            "policy": "{\"Statement\":[{\"Action\":\"sns:Publish\",\"Condition\":{\"StringEquals\":{\"AWS:SourceAccount\":\"022911965477\"}},\"Effect\":\"Allow\",\"Principal\":{\"Service\":\"cloudwatch.amazonaws.com\"},\"Resource\":\"arn:aws:sns:us-west-2:022911965477:chess-engine-api-alerts\",\"Sid\":\"AllowCloudWatchAlarms\"}],\"Version\":\"2012-10-17\"}",
            "region": "us-west-2",
            "signature_version": 0,
            "sqs_failure_feedback_role_arn": "",
            "sqs_success_feedback_role_arn": "",
            "sqs_success_feedback_sample_rate": 0,
            "tags": {
              "Environment": "production",
              "ManagedBy": "Terraform",
              "Service": "chess-engine-api"
            },
            "tags_all": {
              "Environment": "production",
              "ManagedBy": "Terraform",
              "Service": "chess-engine-api"
            },
            "tracing_config": ""
          },
          "sensitive_attributes": [],
          "identity_schema_version": 0,
          "identity": {
            "arn": "arn:aws:sns:us-west-2:022911965477:chess-engine-api-alerts"
          },
          "private": "bnVsbA=="
        }
      ]
    },
    {
      "mode": "managed",
      "type": "aws_sns_topic_policy",
      "name": "alerts",
      "provider": "provider[\"registry.terraform.io/hashicorp/aws\"]",
      "instances": [
        {
          "schema_version": 0,
          "attributes": {
            "arn": "arn:aws:sns:us-west-2:022911965477:chess-engine-api-alerts",
            "id": "arn:aws:sns:us-west-2:022911965477:chess-engine-api-alerts",
            "owner": "022911965477",
            "policy": "{\"Statement\":[{\"Action\":\"sns:Publish\",\"Condition\":{\"StringEquals\":{\"AWS:SourceAccount\":\"022911965477\"}},\"Effect\":\"Allow\",\"Principal\":{\"Service\":\"cloudwatch.amazonaws.com\"},\"Resource\":\"arn:aws:sns:us-west-2:022911965477:chess-engine-api-alerts\",\"Sid\":\"AllowCloudWatchAlarms\"}],\"Version\":\"2012-10-17\"}",
            "region": "us-west-2"
          },
          "sensitive_attributes": [],
          "identity_schema_version": 0,
          "identity": {
            "arn": "arn:aws:sns:us-west-2:022911965477:chess-engine-api-alerts"
          },
          "private": "bnVsbA==",
          "dependencies": [
            "aws_sns_topic.alerts",
            "data.aws_caller_identity.current",
            "data.aws_iam_policy_document.alerts_topic"
          ]
        }
      ]
    },
    {
      "mode": "managed",
      "type": "aws_sns_topic_subscription",
      "name": "slack_notifier",
      "provider": "provider[\"registry.terraform.io/hashicorp/aws\"]",
      "instances": [
        {
          "index_key": 0,
          "schema_version": 0,
          "attributes": {
            "arn": "arn:aws:sns:us-west-2:022911965477:chess-engine-api-alerts:bc28de08-7cab-479c-811b-62caabb3ab7f",
            "confirmation_timeout_in_minutes": 1,
            "confirmation_was_authenticated": true,
            "delivery_policy": "",
            "endpoint": "arn:aws:lambda:us-west-2:022911965477:function:chess-engine-api-slack-notifier",
            "endpoint_auto_confirms": false,
            "filter_policy": "",
            "filter_policy_scope": "",
            "id": "arn:aws:sns:us-west-2:022911965477:chess-engine-api-alerts:bc28de08-7cab-479c-811b-62caabb3ab7f",
            "owner_id": "022911965477",
            "pending_confirmation": false,
            "protocol": "lambda",
            "raw_message_delivery": false,
            "redrive_policy": "",
            "region": "us-west-2",
            "replay_policy": "",
            "subscription_role_arn": "",
            "topic_arn": "arn:aws:sns:us-west-2:022911965477:chess-engine-api-alerts"
          },
          "sensitive_attributes": [],
          "identity_schema_version": 0,
          "identity": {
            "arn": "arn:aws:sns:us-west-2:022911965477:chess-engine-api-alerts:bc28de08-7cab-479c-811b-62caabb3ab7f"
          },
          "private": "bnVsbA==",
          "dependencies": [
            "aws_iam_role.chatbot",
            "aws_lambda_function.slack_notifier",
            "aws_sns_topic.alerts",
            "data.archive_file.slack_notifier",
            "data.aws_iam_policy_document.lambda_assume_role"
          ]
        }
      ]
    }
  ],
  "check_results": null
}
